// !$*UTF8*$!
{
	archiveVersion = 1;
	classes = {
	};
	objectVersion = 55;
	objects = {

/* Begin PBXBuildFile section */
		79E829E227F14C7F0006A5CE /* AppDelegate.swift in Sources */ = {isa = PBXBuildFile; fileRef = 79E829E127F14C7F0006A5CE /* AppDelegate.swift */; };
		79E829E427F14C7F0006A5CE /* SceneDelegate.swift in Sources */ = {isa = PBXBuildFile; fileRef = 79E829E327F14C7F0006A5CE /* SceneDelegate.swift */; };
		79E829EB27F14C820006A5CE /* Images.xcassets in Resources */ = {isa = PBXBuildFile; fileRef = 79E829EA27F14C820006A5CE /* Images.xcassets */; };
		79E829F927F14C820006A5CE /* MVVM_ListFilmsTests.swift in Sources */ = {isa = PBXBuildFile; fileRef = 79E829F827F14C820006A5CE /* MVVM_ListFilmsTests.swift */; };
		79E82A1F27F1549B0006A5CE /* FoudationAssembly.swift in Sources */ = {isa = PBXBuildFile; fileRef = 79E82A1E27F1549B0006A5CE /* FoudationAssembly.swift */; };
		79E82A2127F154A60006A5CE /* DependencyGraph.swift in Sources */ = {isa = PBXBuildFile; fileRef = 79E82A2027F154A60006A5CE /* DependencyGraph.swift */; };
		79E82A2327F154B50006A5CE /* ListFactoryProtocol.swift in Sources */ = {isa = PBXBuildFile; fileRef = 79E82A2227F154B50006A5CE /* ListFactoryProtocol.swift */; };
		79E82A2527F154C00006A5CE /* ListFactory.swift in Sources */ = {isa = PBXBuildFile; fileRef = 79E82A2427F154C00006A5CE /* ListFactory.swift */; };
		79E82A2727F1557D0006A5CE /* NetworkOperation.swift in Sources */ = {isa = PBXBuildFile; fileRef = 79E82A2627F1557D0006A5CE /* NetworkOperation.swift */; };
		79E82A2927F155A40006A5CE /* NetworkOperationProtocol.swift in Sources */ = {isa = PBXBuildFile; fileRef = 79E82A2827F155A40006A5CE /* NetworkOperationProtocol.swift */; };
		79E82A2B27F155B00006A5CE /* NetworkMockOperation.swift in Sources */ = {isa = PBXBuildFile; fileRef = 79E82A2A27F155B00006A5CE /* NetworkMockOperation.swift */; };
		79E82A2D27F155D00006A5CE /* NetworkOperationError.swift in Sources */ = {isa = PBXBuildFile; fileRef = 79E82A2C27F155D00006A5CE /* NetworkOperationError.swift */; };
		79E82A2F27F1575A0006A5CE /* ListAssembly.swift in Sources */ = {isa = PBXBuildFile; fileRef = 79E82A2E27F1575A0006A5CE /* ListAssembly.swift */; };
		79E82A3327F15B760006A5CE /* NetworkingRequestsMethods.swift in Sources */ = {isa = PBXBuildFile; fileRef = 79E82A3227F15B760006A5CE /* NetworkingRequestsMethods.swift */; };
		79E82A3B27F15CEF0006A5CE /* ListRequests.swift in Sources */ = {isa = PBXBuildFile; fileRef = 79E82A3A27F15CEF0006A5CE /* ListRequests.swift */; };
		79E82A3D27F15E450006A5CE /* Request.swift in Sources */ = {isa = PBXBuildFile; fileRef = 79E82A3C27F15E450006A5CE /* Request.swift */; };
		79E82A3F27F1614A0006A5CE /* TopRatedMoviesUseCase.swift in Sources */ = {isa = PBXBuildFile; fileRef = 79E82A3E27F1614A0006A5CE /* TopRatedMoviesUseCase.swift */; };
		79E82A4227F161610006A5CE /* TopRatedMoviesUseCaseProtocol.swift in Sources */ = {isa = PBXBuildFile; fileRef = 79E82A4127F161610006A5CE /* TopRatedMoviesUseCaseProtocol.swift */; };
		79E82A4527F1617B0006A5CE /* GenreMovieUseCase.swift in Sources */ = {isa = PBXBuildFile; fileRef = 79E82A4427F1617B0006A5CE /* GenreMovieUseCase.swift */; };
		79E82A4727F161850006A5CE /* GenreMovieUseCaseProtocol.swift in Sources */ = {isa = PBXBuildFile; fileRef = 79E82A4627F161850006A5CE /* GenreMovieUseCaseProtocol.swift */; };
		79E82A4927F1633A0006A5CE /* TopRatedMoviesResponse.swift in Sources */ = {isa = PBXBuildFile; fileRef = 79E82A4827F1633A0006A5CE /* TopRatedMoviesResponse.swift */; };
		79E82A4B27F163480006A5CE /* GenreMovieResponse.swift in Sources */ = {isa = PBXBuildFile; fileRef = 79E82A4A27F163480006A5CE /* GenreMovieResponse.swift */; };
		79E82A4D27F169AA0006A5CE /* FlowController.swift in Sources */ = {isa = PBXBuildFile; fileRef = 79E82A4C27F169AA0006A5CE /* FlowController.swift */; };
		79E82A4F27F170160006A5CE /* ListViewController.swift in Sources */ = {isa = PBXBuildFile; fileRef = 79E82A4E27F170160006A5CE /* ListViewController.swift */; };
		79E82A5127F1702A0006A5CE /* ListViewModel.swift in Sources */ = {isa = PBXBuildFile; fileRef = 79E82A5027F1702A0006A5CE /* ListViewModel.swift */; };
		79E82A5327F170350006A5CE /* ListProtocol.swift in Sources */ = {isa = PBXBuildFile; fileRef = 79E82A5227F170350006A5CE /* ListProtocol.swift */; };
		79E82A5627F1704A0006A5CE /* ListView.swift in Sources */ = {isa = PBXBuildFile; fileRef = 79E82A5527F1704A0006A5CE /* ListView.swift */; };
		79E82A5827F170750006A5CE /* ListViewProtocol.swift in Sources */ = {isa = PBXBuildFile; fileRef = 79E82A5727F170750006A5CE /* ListViewProtocol.swift */; };
		79E82A5A27F172A40006A5CE /* TopRatedMovies.swift in Sources */ = {isa = PBXBuildFile; fileRef = 79E82A5927F172A40006A5CE /* TopRatedMovies.swift */; };
		79E82A5C27F188250006A5CE /* ListLoadingView.swift in Sources */ = {isa = PBXBuildFile; fileRef = 79E82A5B27F188250006A5CE /* ListLoadingView.swift */; };
		79E82A5F27F188D80006A5CE /* LottieFactory.swift in Sources */ = {isa = PBXBuildFile; fileRef = 79E82A5E27F188D80006A5CE /* LottieFactory.swift */; };
		79E82A6227F189190006A5CE /* shimmer-bar-gray.json in Resources */ = {isa = PBXBuildFile; fileRef = 79E82A6127F189190006A5CE /* shimmer-bar-gray.json */; };
		79E82A6427F1ED720006A5CE /* Extension+UIImage.swift in Sources */ = {isa = PBXBuildFile; fileRef = 79E82A6327F1ED720006A5CE /* Extension+UIImage.swift */; };
		79E82A6627F1EDD90006A5CE /* Colors.xcassets in Resources */ = {isa = PBXBuildFile; fileRef = 79E82A6527F1EDD90006A5CE /* Colors.xcassets */; };
		79E82A6827F1EDEB0006A5CE /* Extension+UIColor.swift in Sources */ = {isa = PBXBuildFile; fileRef = 79E82A6727F1EDEB0006A5CE /* Extension+UIColor.swift */; };
		79E82A6A27F1F67E0006A5CE /* ListErrorView.swift in Sources */ = {isa = PBXBuildFile; fileRef = 79E82A6927F1F67E0006A5CE /* ListErrorView.swift */; };
		79E82A6C27F200830006A5CE /* ListDataView.swift in Sources */ = {isa = PBXBuildFile; fileRef = 79E82A6B27F200830006A5CE /* ListDataView.swift */; };
		79E82A6F27F201190006A5CE /* ListDataViewCell.swift in Sources */ = {isa = PBXBuildFile; fileRef = 79E82A6E27F201190006A5CE /* ListDataViewCell.swift */; };
		79E82A7127F202080006A5CE /* Extension+String.swift in Sources */ = {isa = PBXBuildFile; fileRef = 79E82A7027F202080006A5CE /* Extension+String.swift */; };
		79E82A7327F204040006A5CE /* Extension+NSObject.swift in Sources */ = {isa = PBXBuildFile; fileRef = 79E82A7227F204040006A5CE /* Extension+NSObject.swift */; };
		79E82A7627F206800006A5CE /* SearchTextField.swift in Sources */ = {isa = PBXBuildFile; fileRef = 79E82A7527F206800006A5CE /* SearchTextField.swift */; };
		79E82A7827F20E540006A5CE /* Extension+UITextField.swift in Sources */ = {isa = PBXBuildFile; fileRef = 79E82A7727F20E540006A5CE /* Extension+UITextField.swift */; };
		D15578C7453D1055256671BF /* Pods_MVVM_ListFilms.framework in Frameworks */ = {isa = PBXBuildFile; fileRef = 3C9102281B24E289E428C245 /* Pods_MVVM_ListFilms.framework */; };
/* End PBXBuildFile section */

/* Begin PBXContainerItemProxy section */
		79E829F527F14C820006A5CE /* PBXContainerItemProxy */ = {
			isa = PBXContainerItemProxy;
			containerPortal = 79E829D627F14C7F0006A5CE /* Project object */;
			proxyType = 1;
			remoteGlobalIDString = 79E829DD27F14C7F0006A5CE;
			remoteInfo = "MVVM-ListFilms";
		};
		79E829FF27F14C820006A5CE /* PBXContainerItemProxy */ = {
			isa = PBXContainerItemProxy;
			containerPortal = 79E829D627F14C7F0006A5CE /* Project object */;
			proxyType = 1;
			remoteGlobalIDString = 79E829DD27F14C7F0006A5CE;
			remoteInfo = "MVVM-ListFilms";
		};
/* End PBXContainerItemProxy section */

/* Begin PBXFileReference section */
		102FA41E643A9321C5E72593 /* Pods-MVVM-ListFilms.debug.xcconfig */ = {isa = PBXFileReference; includeInIndex = 1; lastKnownFileType = text.xcconfig; name = "Pods-MVVM-ListFilms.debug.xcconfig"; path = "Target Support Files/Pods-MVVM-ListFilms/Pods-MVVM-ListFilms.debug.xcconfig"; sourceTree = "<group>"; };
		3C9102281B24E289E428C245 /* Pods_MVVM_ListFilms.framework */ = {isa = PBXFileReference; explicitFileType = wrapper.framework; includeInIndex = 0; path = Pods_MVVM_ListFilms.framework; sourceTree = BUILT_PRODUCTS_DIR; };
		79E829DE27F14C7F0006A5CE /* MVVM-ListFilms.app */ = {isa = PBXFileReference; explicitFileType = wrapper.application; includeInIndex = 0; path = "MVVM-ListFilms.app"; sourceTree = BUILT_PRODUCTS_DIR; };
		79E829E127F14C7F0006A5CE /* AppDelegate.swift */ = {isa = PBXFileReference; lastKnownFileType = sourcecode.swift; path = AppDelegate.swift; sourceTree = "<group>"; };
		79E829E327F14C7F0006A5CE /* SceneDelegate.swift */ = {isa = PBXFileReference; lastKnownFileType = sourcecode.swift; path = SceneDelegate.swift; sourceTree = "<group>"; };
		79E829EA27F14C820006A5CE /* Images.xcassets */ = {isa = PBXFileReference; lastKnownFileType = folder.assetcatalog; path = Images.xcassets; sourceTree = "<group>"; };
		79E829EF27F14C820006A5CE /* Info.plist */ = {isa = PBXFileReference; lastKnownFileType = text.plist.xml; path = Info.plist; sourceTree = "<group>"; };
		79E829F427F14C820006A5CE /* MVVM-ListFilmsTests.xctest */ = {isa = PBXFileReference; explicitFileType = wrapper.cfbundle; includeInIndex = 0; path = "MVVM-ListFilmsTests.xctest"; sourceTree = BUILT_PRODUCTS_DIR; };
		79E829F827F14C820006A5CE /* MVVM_ListFilmsTests.swift */ = {isa = PBXFileReference; lastKnownFileType = sourcecode.swift; path = MVVM_ListFilmsTests.swift; sourceTree = "<group>"; };
		79E829FE27F14C820006A5CE /* MVVM-ListFilmsUITests.xctest */ = {isa = PBXFileReference; explicitFileType = wrapper.cfbundle; includeInIndex = 0; path = "MVVM-ListFilmsUITests.xctest"; sourceTree = BUILT_PRODUCTS_DIR; };
		79E82A1E27F1549B0006A5CE /* FoudationAssembly.swift */ = {isa = PBXFileReference; lastKnownFileType = sourcecode.swift; path = FoudationAssembly.swift; sourceTree = "<group>"; };
		79E82A2027F154A60006A5CE /* DependencyGraph.swift */ = {isa = PBXFileReference; lastKnownFileType = sourcecode.swift; path = DependencyGraph.swift; sourceTree = "<group>"; };
		79E82A2227F154B50006A5CE /* ListFactoryProtocol.swift */ = {isa = PBXFileReference; lastKnownFileType = sourcecode.swift; path = ListFactoryProtocol.swift; sourceTree = "<group>"; };
		79E82A2427F154C00006A5CE /* ListFactory.swift */ = {isa = PBXFileReference; lastKnownFileType = sourcecode.swift; path = ListFactory.swift; sourceTree = "<group>"; };
		79E82A2627F1557D0006A5CE /* NetworkOperation.swift */ = {isa = PBXFileReference; lastKnownFileType = sourcecode.swift; path = NetworkOperation.swift; sourceTree = "<group>"; };
		79E82A2827F155A40006A5CE /* NetworkOperationProtocol.swift */ = {isa = PBXFileReference; lastKnownFileType = sourcecode.swift; path = NetworkOperationProtocol.swift; sourceTree = "<group>"; };
		79E82A2A27F155B00006A5CE /* NetworkMockOperation.swift */ = {isa = PBXFileReference; lastKnownFileType = sourcecode.swift; path = NetworkMockOperation.swift; sourceTree = "<group>"; };
		79E82A2C27F155D00006A5CE /* NetworkOperationError.swift */ = {isa = PBXFileReference; lastKnownFileType = sourcecode.swift; path = NetworkOperationError.swift; sourceTree = "<group>"; };
		79E82A2E27F1575A0006A5CE /* ListAssembly.swift */ = {isa = PBXFileReference; lastKnownFileType = sourcecode.swift; path = ListAssembly.swift; sourceTree = "<group>"; };
		79E82A3227F15B760006A5CE /* NetworkingRequestsMethods.swift */ = {isa = PBXFileReference; lastKnownFileType = sourcecode.swift; path = NetworkingRequestsMethods.swift; sourceTree = "<group>"; };
		79E82A3A27F15CEF0006A5CE /* ListRequests.swift */ = {isa = PBXFileReference; lastKnownFileType = sourcecode.swift; path = ListRequests.swift; sourceTree = "<group>"; };
		79E82A3C27F15E450006A5CE /* Request.swift */ = {isa = PBXFileReference; lastKnownFileType = sourcecode.swift; path = Request.swift; sourceTree = "<group>"; };
		79E82A3E27F1614A0006A5CE /* TopRatedMoviesUseCase.swift */ = {isa = PBXFileReference; lastKnownFileType = sourcecode.swift; path = TopRatedMoviesUseCase.swift; sourceTree = "<group>"; };
		79E82A4127F161610006A5CE /* TopRatedMoviesUseCaseProtocol.swift */ = {isa = PBXFileReference; lastKnownFileType = sourcecode.swift; path = TopRatedMoviesUseCaseProtocol.swift; sourceTree = "<group>"; };
		79E82A4427F1617B0006A5CE /* GenreMovieUseCase.swift */ = {isa = PBXFileReference; lastKnownFileType = sourcecode.swift; path = GenreMovieUseCase.swift; sourceTree = "<group>"; };
		79E82A4627F161850006A5CE /* GenreMovieUseCaseProtocol.swift */ = {isa = PBXFileReference; lastKnownFileType = sourcecode.swift; path = GenreMovieUseCaseProtocol.swift; sourceTree = "<group>"; };
		79E82A4827F1633A0006A5CE /* TopRatedMoviesResponse.swift */ = {isa = PBXFileReference; lastKnownFileType = sourcecode.swift; path = TopRatedMoviesResponse.swift; sourceTree = "<group>"; };
		79E82A4A27F163480006A5CE /* GenreMovieResponse.swift */ = {isa = PBXFileReference; lastKnownFileType = sourcecode.swift; path = GenreMovieResponse.swift; sourceTree = "<group>"; };
		79E82A4C27F169AA0006A5CE /* FlowController.swift */ = {isa = PBXFileReference; lastKnownFileType = sourcecode.swift; path = FlowController.swift; sourceTree = "<group>"; };
		79E82A4E27F170160006A5CE /* ListViewController.swift */ = {isa = PBXFileReference; lastKnownFileType = sourcecode.swift; path = ListViewController.swift; sourceTree = "<group>"; };
		79E82A5027F1702A0006A5CE /* ListViewModel.swift */ = {isa = PBXFileReference; lastKnownFileType = sourcecode.swift; path = ListViewModel.swift; sourceTree = "<group>"; };
		79E82A5227F170350006A5CE /* ListProtocol.swift */ = {isa = PBXFileReference; lastKnownFileType = sourcecode.swift; path = ListProtocol.swift; sourceTree = "<group>"; };
		79E82A5527F1704A0006A5CE /* ListView.swift */ = {isa = PBXFileReference; lastKnownFileType = sourcecode.swift; path = ListView.swift; sourceTree = "<group>"; };
		79E82A5727F170750006A5CE /* ListViewProtocol.swift */ = {isa = PBXFileReference; lastKnownFileType = sourcecode.swift; path = ListViewProtocol.swift; sourceTree = "<group>"; };
		79E82A5927F172A40006A5CE /* TopRatedMovies.swift */ = {isa = PBXFileReference; lastKnownFileType = sourcecode.swift; path = TopRatedMovies.swift; sourceTree = "<group>"; };
		79E82A5B27F188250006A5CE /* ListLoadingView.swift */ = {isa = PBXFileReference; lastKnownFileType = sourcecode.swift; path = ListLoadingView.swift; sourceTree = "<group>"; };
		79E82A5E27F188D80006A5CE /* LottieFactory.swift */ = {isa = PBXFileReference; lastKnownFileType = sourcecode.swift; path = LottieFactory.swift; sourceTree = "<group>"; };
		79E82A6127F189190006A5CE /* shimmer-bar-gray.json */ = {isa = PBXFileReference; fileEncoding = 4; lastKnownFileType = text.json; path = "shimmer-bar-gray.json"; sourceTree = "<group>"; };
		79E82A6327F1ED720006A5CE /* Extension+UIImage.swift */ = {isa = PBXFileReference; lastKnownFileType = sourcecode.swift; path = "Extension+UIImage.swift"; sourceTree = "<group>"; };
		79E82A6527F1EDD90006A5CE /* Colors.xcassets */ = {isa = PBXFileReference; lastKnownFileType = folder.assetcatalog; path = Colors.xcassets; sourceTree = "<group>"; };
		79E82A6727F1EDEB0006A5CE /* Extension+UIColor.swift */ = {isa = PBXFileReference; lastKnownFileType = sourcecode.swift; path = "Extension+UIColor.swift"; sourceTree = "<group>"; };
		79E82A6927F1F67E0006A5CE /* ListErrorView.swift */ = {isa = PBXFileReference; lastKnownFileType = sourcecode.swift; path = ListErrorView.swift; sourceTree = "<group>"; };
		79E82A6B27F200830006A5CE /* ListDataView.swift */ = {isa = PBXFileReference; lastKnownFileType = sourcecode.swift; path = ListDataView.swift; sourceTree = "<group>"; };
		79E82A6E27F201190006A5CE /* ListDataViewCell.swift */ = {isa = PBXFileReference; lastKnownFileType = sourcecode.swift; path = ListDataViewCell.swift; sourceTree = "<group>"; };
		79E82A7027F202080006A5CE /* Extension+String.swift */ = {isa = PBXFileReference; lastKnownFileType = sourcecode.swift; path = "Extension+String.swift"; sourceTree = "<group>"; };
		79E82A7227F204040006A5CE /* Extension+NSObject.swift */ = {isa = PBXFileReference; lastKnownFileType = sourcecode.swift; path = "Extension+NSObject.swift"; sourceTree = "<group>"; };
		79E82A7527F206800006A5CE /* SearchTextField.swift */ = {isa = PBXFileReference; lastKnownFileType = sourcecode.swift; path = SearchTextField.swift; sourceTree = "<group>"; };
		79E82A7727F20E540006A5CE /* Extension+UITextField.swift */ = {isa = PBXFileReference; lastKnownFileType = sourcecode.swift; path = "Extension+UITextField.swift"; sourceTree = "<group>"; };
		AA0872B2F9C92E4257870C3A /* Pods-MVVM-ListFilms.release.xcconfig */ = {isa = PBXFileReference; includeInIndex = 1; lastKnownFileType = text.xcconfig; name = "Pods-MVVM-ListFilms.release.xcconfig"; path = "Target Support Files/Pods-MVVM-ListFilms/Pods-MVVM-ListFilms.release.xcconfig"; sourceTree = "<group>"; };
/* End PBXFileReference section */

/* Begin PBXFrameworksBuildPhase section */
		79E829DB27F14C7F0006A5CE /* Frameworks */ = {
			isa = PBXFrameworksBuildPhase;
			buildActionMask = 2147483647;
			files = (
				D15578C7453D1055256671BF /* Pods_MVVM_ListFilms.framework in Frameworks */,
			);
			runOnlyForDeploymentPostprocessing = 0;
		};
		79E829F127F14C820006A5CE /* Frameworks */ = {
			isa = PBXFrameworksBuildPhase;
			buildActionMask = 2147483647;
			files = (
			);
			runOnlyForDeploymentPostprocessing = 0;
		};
		79E829FB27F14C820006A5CE /* Frameworks */ = {
			isa = PBXFrameworksBuildPhase;
			buildActionMask = 2147483647;
			files = (
			);
			runOnlyForDeploymentPostprocessing = 0;
		};
/* End PBXFrameworksBuildPhase section */

/* Begin PBXGroup section */
		04855A143F19A276D5A7FCED /* Pods */ = {
			isa = PBXGroup;
			children = (
				102FA41E643A9321C5E72593 /* Pods-MVVM-ListFilms.debug.xcconfig */,
				AA0872B2F9C92E4257870C3A /* Pods-MVVM-ListFilms.release.xcconfig */,
			);
			path = Pods;
			sourceTree = "<group>";
		};
		79E829D527F14C7F0006A5CE = {
			isa = PBXGroup;
			children = (
				79E829E027F14C7F0006A5CE /* MVVM-ListFilms */,
				79E829F727F14C820006A5CE /* MVVM-ListFilmsTests */,
				79E829DF27F14C7F0006A5CE /* Products */,
				04855A143F19A276D5A7FCED /* Pods */,
				BF82527506B748CC5C23874D /* Frameworks */,
			);
			sourceTree = "<group>";
		};
		79E829DF27F14C7F0006A5CE /* Products */ = {
			isa = PBXGroup;
			children = (
				79E829DE27F14C7F0006A5CE /* MVVM-ListFilms.app */,
				79E829F427F14C820006A5CE /* MVVM-ListFilmsTests.xctest */,
				79E829FE27F14C820006A5CE /* MVVM-ListFilmsUITests.xctest */,
			);
			name = Products;
			sourceTree = "<group>";
		};
		79E829E027F14C7F0006A5CE /* MVVM-ListFilms */ = {
			isa = PBXGroup;
			children = (
				79E82A1127F14D340006A5CE /* App */,
				79E82A3027F15B3E0006A5CE /* Foundation */,
				79E82A1227F14DD10006A5CE /* DependencyInjection */,
				79E82A1827F14EF60006A5CE /* FlowController */,
				79E82A3827F15CC60006A5CE /* Services */,
				79E82A1427F14E290006A5CE /* UIKit */,
				79E82A1327F14E1F0006A5CE /* Scenes */,
			);
			path = "MVVM-ListFilms";
			sourceTree = "<group>";
		};
		79E829F727F14C820006A5CE /* MVVM-ListFilmsTests */ = {
			isa = PBXGroup;
			children = (
				79E829F827F14C820006A5CE /* MVVM_ListFilmsTests.swift */,
			);
			path = "MVVM-ListFilmsTests";
			sourceTree = "<group>";
		};
		79E82A1127F14D340006A5CE /* App */ = {
			isa = PBXGroup;
			children = (
				79E829EF27F14C820006A5CE /* Info.plist */,
				79E829E327F14C7F0006A5CE /* SceneDelegate.swift */,
				79E829E127F14C7F0006A5CE /* AppDelegate.swift */,
			);
			path = App;
			sourceTree = "<group>";
		};
		79E82A1227F14DD10006A5CE /* DependencyInjection */ = {
			isa = PBXGroup;
			children = (
				79E82A1D27F1547A0006A5CE /* Modules */,
				79E82A1E27F1549B0006A5CE /* FoudationAssembly.swift */,
				79E82A2E27F1575A0006A5CE /* ListAssembly.swift */,
				79E82A2027F154A60006A5CE /* DependencyGraph.swift */,
			);
			path = DependencyInjection;
			sourceTree = "<group>";
		};
		79E82A1327F14E1F0006A5CE /* Scenes */ = {
			isa = PBXGroup;
			children = (
				79E82A1C27F154620006A5CE /* Detail */,
				79E82A1B27F1544D0006A5CE /* List */,
			);
			path = Scenes;
			sourceTree = "<group>";
		};
		79E82A1427F14E290006A5CE /* UIKit */ = {
			isa = PBXGroup;
			children = (
				79E82A7427F2066B0006A5CE /* Components */,
				79E82A5D27F188C80006A5CE /* Lottie */,
				79E82A1727F14EB40006A5CE /* Extensions */,
				79E82A1527F14E9C0006A5CE /* Images */,
				79E82A1627F14EA60006A5CE /* Colors */,
			);
			path = UIKit;
			sourceTree = "<group>";
		};
		79E82A1527F14E9C0006A5CE /* Images */ = {
			isa = PBXGroup;
			children = (
				79E829EA27F14C820006A5CE /* Images.xcassets */,
				79E82A6327F1ED720006A5CE /* Extension+UIImage.swift */,
			);
			path = Images;
			sourceTree = "<group>";
		};
		79E82A1627F14EA60006A5CE /* Colors */ = {
			isa = PBXGroup;
			children = (
				79E82A6527F1EDD90006A5CE /* Colors.xcassets */,
				79E82A6727F1EDEB0006A5CE /* Extension+UIColor.swift */,
			);
			path = Colors;
			sourceTree = "<group>";
		};
		79E82A1727F14EB40006A5CE /* Extensions */ = {
			isa = PBXGroup;
			children = (
				79E82A7027F202080006A5CE /* Extension+String.swift */,
				79E82A7227F204040006A5CE /* Extension+NSObject.swift */,
				79E82A7727F20E540006A5CE /* Extension+UITextField.swift */,
			);
			path = Extensions;
			sourceTree = "<group>";
		};
		79E82A1827F14EF60006A5CE /* FlowController */ = {
			isa = PBXGroup;
			children = (
				79E82A4C27F169AA0006A5CE /* FlowController.swift */,
			);
			path = FlowController;
			sourceTree = "<group>";
		};
		79E82A1927F14F0D0006A5CE /* Networking */ = {
			isa = PBXGroup;
			children = (
				79E82A2627F1557D0006A5CE /* NetworkOperation.swift */,
				79E82A2A27F155B00006A5CE /* NetworkMockOperation.swift */,
				79E82A2827F155A40006A5CE /* NetworkOperationProtocol.swift */,
				79E82A2C27F155D00006A5CE /* NetworkOperationError.swift */,
			);
			path = Networking;
			sourceTree = "<group>";
		};
		79E82A1A27F14F110006A5CE /* UseCases */ = {
			isa = PBXGroup;
			children = (
				79E82A4327F1616E0006A5CE /* GenreMovieUseCase */,
				79E82A4027F161560006A5CE /* TopRatedMoviesUseCase */,
			);
			path = UseCases;
			sourceTree = "<group>";
		};
		79E82A1B27F1544D0006A5CE /* List */ = {
			isa = PBXGroup;
			children = (
				79E82A6D27F200B30006A5CE /* Content */,
				79E82A4E27F170160006A5CE /* ListViewController.swift */,
				79E82A5027F1702A0006A5CE /* ListViewModel.swift */,
				79E82A5227F170350006A5CE /* ListProtocol.swift */,
			);
			path = List;
			sourceTree = "<group>";
		};
		79E82A1C27F154620006A5CE /* Detail */ = {
			isa = PBXGroup;
			children = (
			);
			path = Detail;
			sourceTree = "<group>";
		};
		79E82A1D27F1547A0006A5CE /* Modules */ = {
			isa = PBXGroup;
			children = (
				79E82A2227F154B50006A5CE /* ListFactoryProtocol.swift */,
				79E82A2427F154C00006A5CE /* ListFactory.swift */,
			);
			path = Modules;
			sourceTree = "<group>";
		};
		79E82A3027F15B3E0006A5CE /* Foundation */ = {
			isa = PBXGroup;
			children = (
				79E82A3127F15B660006A5CE /* Requests */,
				79E82A1927F14F0D0006A5CE /* Networking */,
			);
			path = Foundation;
			sourceTree = "<group>";
		};
		79E82A3127F15B660006A5CE /* Requests */ = {
			isa = PBXGroup;
			children = (
				79E82A3C27F15E450006A5CE /* Request.swift */,
				79E82A3227F15B760006A5CE /* NetworkingRequestsMethods.swift */,
			);
			path = Requests;
			sourceTree = "<group>";
		};
		79E82A3827F15CC60006A5CE /* Services */ = {
			isa = PBXGroup;
			children = (
				79E82A3927F15CD30006A5CE /* Requets */,
				79E82A1A27F14F110006A5CE /* UseCases */,
			);
			path = Services;
			sourceTree = "<group>";
		};
		79E82A3927F15CD30006A5CE /* Requets */ = {
			isa = PBXGroup;
			children = (
				79E82A3A27F15CEF0006A5CE /* ListRequests.swift */,
			);
			path = Requets;
			sourceTree = "<group>";
		};
		79E82A4027F161560006A5CE /* TopRatedMoviesUseCase */ = {
			isa = PBXGroup;
			children = (
				79E82A3E27F1614A0006A5CE /* TopRatedMoviesUseCase.swift */,
				79E82A4127F161610006A5CE /* TopRatedMoviesUseCaseProtocol.swift */,
				79E82A4827F1633A0006A5CE /* TopRatedMoviesResponse.swift */,
			);
			path = TopRatedMoviesUseCase;
			sourceTree = "<group>";
		};
		79E82A4327F1616E0006A5CE /* GenreMovieUseCase */ = {
			isa = PBXGroup;
			children = (
				79E82A4427F1617B0006A5CE /* GenreMovieUseCase.swift */,
				79E82A4627F161850006A5CE /* GenreMovieUseCaseProtocol.swift */,
				79E82A4A27F163480006A5CE /* GenreMovieResponse.swift */,
			);
			path = GenreMovieUseCase;
			sourceTree = "<group>";
		};
		79E82A5427F1703D0006A5CE /* Components */ = {
			isa = PBXGroup;
			children = (
				79E82A6B27F200830006A5CE /* ListDataView.swift */,
				79E82A6927F1F67E0006A5CE /* ListErrorView.swift */,
				79E82A5B27F188250006A5CE /* ListLoadingView.swift */,
				79E82A6E27F201190006A5CE /* ListDataViewCell.swift */,
			);
			path = Components;
			sourceTree = "<group>";
		};
		79E82A5D27F188C80006A5CE /* Lottie */ = {
			isa = PBXGroup;
			children = (
				79E82A6027F188E30006A5CE /* json */,
				79E82A5E27F188D80006A5CE /* LottieFactory.swift */,
			);
			path = Lottie;
			sourceTree = "<group>";
		};
		79E82A6027F188E30006A5CE /* json */ = {
			isa = PBXGroup;
			children = (
				79E82A6127F189190006A5CE /* shimmer-bar-gray.json */,
			);
			path = json;
			sourceTree = "<group>";
		};
		79E82A6D27F200B30006A5CE /* Content */ = {
			isa = PBXGroup;
			children = (
				79E82A5427F1703D0006A5CE /* Components */,
				79E82A5527F1704A0006A5CE /* ListView.swift */,
				79E82A5727F170750006A5CE /* ListViewProtocol.swift */,
				79E82A5927F172A40006A5CE /* TopRatedMovies.swift */,
			);
			path = Content;
			sourceTree = "<group>";
		};
		79E82A7427F2066B0006A5CE /* Components */ = {
			isa = PBXGroup;
			children = (
				79E82A7527F206800006A5CE /* SearchTextField.swift */,
			);
			path = Components;
			sourceTree = "<group>";
		};
		BF82527506B748CC5C23874D /* Frameworks */ = {
			isa = PBXGroup;
			children = (
				3C9102281B24E289E428C245 /* Pods_MVVM_ListFilms.framework */,
			);
			name = Frameworks;
			sourceTree = "<group>";
		};
/* End PBXGroup section */

/* Begin PBXNativeTarget section */
		79E829DD27F14C7F0006A5CE /* MVVM-ListFilms */ = {
			isa = PBXNativeTarget;
			buildConfigurationList = 79E82A0827F14C820006A5CE /* Build configuration list for PBXNativeTarget "MVVM-ListFilms" */;
			buildPhases = (
				39EA5A0C7C97C4561E360B1F /* [CP] Check Pods Manifest.lock */,
				79E829DA27F14C7F0006A5CE /* Sources */,
				79E829DB27F14C7F0006A5CE /* Frameworks */,
				79E829DC27F14C7F0006A5CE /* Resources */,
				3843069F14EB73BA83638FF8 /* [CP] Embed Pods Frameworks */,
			);
			buildRules = (
			);
			dependencies = (
			);
			name = "MVVM-ListFilms";
			productName = "MVVM-ListFilms";
			productReference = 79E829DE27F14C7F0006A5CE /* MVVM-ListFilms.app */;
			productType = "com.apple.product-type.application";
		};
		79E829F327F14C820006A5CE /* MVVM-ListFilmsTests */ = {
			isa = PBXNativeTarget;
			buildConfigurationList = 79E82A0B27F14C820006A5CE /* Build configuration list for PBXNativeTarget "MVVM-ListFilmsTests" */;
			buildPhases = (
				79E829F027F14C820006A5CE /* Sources */,
				79E829F127F14C820006A5CE /* Frameworks */,
				79E829F227F14C820006A5CE /* Resources */,
			);
			buildRules = (
			);
			dependencies = (
				79E829F627F14C820006A5CE /* PBXTargetDependency */,
			);
			name = "MVVM-ListFilmsTests";
			productName = "MVVM-ListFilmsTests";
			productReference = 79E829F427F14C820006A5CE /* MVVM-ListFilmsTests.xctest */;
			productType = "com.apple.product-type.bundle.unit-test";
		};
		79E829FD27F14C820006A5CE /* MVVM-ListFilmsUITests */ = {
			isa = PBXNativeTarget;
			buildConfigurationList = 79E82A0E27F14C820006A5CE /* Build configuration list for PBXNativeTarget "MVVM-ListFilmsUITests" */;
			buildPhases = (
				79E829FA27F14C820006A5CE /* Sources */,
				79E829FB27F14C820006A5CE /* Frameworks */,
				79E829FC27F14C820006A5CE /* Resources */,
			);
			buildRules = (
			);
			dependencies = (
				79E82A0027F14C820006A5CE /* PBXTargetDependency */,
			);
			name = "MVVM-ListFilmsUITests";
			productName = "MVVM-ListFilmsUITests";
			productReference = 79E829FE27F14C820006A5CE /* MVVM-ListFilmsUITests.xctest */;
			productType = "com.apple.product-type.bundle.ui-testing";
		};
/* End PBXNativeTarget section */

/* Begin PBXProject section */
		79E829D627F14C7F0006A5CE /* Project object */ = {
			isa = PBXProject;
			attributes = {
				BuildIndependentTargetsInParallel = 1;
				LastSwiftUpdateCheck = 1320;
				LastUpgradeCheck = 1320;
				TargetAttributes = {
					79E829DD27F14C7F0006A5CE = {
						CreatedOnToolsVersion = 13.2;
					};
					79E829F327F14C820006A5CE = {
						CreatedOnToolsVersion = 13.2;
						TestTargetID = 79E829DD27F14C7F0006A5CE;
					};
					79E829FD27F14C820006A5CE = {
						CreatedOnToolsVersion = 13.2;
						TestTargetID = 79E829DD27F14C7F0006A5CE;
					};
				};
			};
			buildConfigurationList = 79E829D927F14C7F0006A5CE /* Build configuration list for PBXProject "MVVM-ListFilms" */;
			compatibilityVersion = "Xcode 13.0";
			developmentRegion = en;
			hasScannedForEncodings = 0;
			knownRegions = (
				en,
				Base,
			);
			mainGroup = 79E829D527F14C7F0006A5CE;
			productRefGroup = 79E829DF27F14C7F0006A5CE /* Products */;
			projectDirPath = "";
			projectRoot = "";
			targets = (
				79E829DD27F14C7F0006A5CE /* MVVM-ListFilms */,
				79E829F327F14C820006A5CE /* MVVM-ListFilmsTests */,
				79E829FD27F14C820006A5CE /* MVVM-ListFilmsUITests */,
			);
		};
/* End PBXProject section */

/* Begin PBXResourcesBuildPhase section */
		79E829DC27F14C7F0006A5CE /* Resources */ = {
			isa = PBXResourcesBuildPhase;
			buildActionMask = 2147483647;
			files = (
				79E82A6627F1EDD90006A5CE /* Colors.xcassets in Resources */,
				79E82A6227F189190006A5CE /* shimmer-bar-gray.json in Resources */,
				79E829EB27F14C820006A5CE /* Images.xcassets in Resources */,
			);
			runOnlyForDeploymentPostprocessing = 0;
		};
		79E829F227F14C820006A5CE /* Resources */ = {
			isa = PBXResourcesBuildPhase;
			buildActionMask = 2147483647;
			files = (
			);
			runOnlyForDeploymentPostprocessing = 0;
		};
		79E829FC27F14C820006A5CE /* Resources */ = {
			isa = PBXResourcesBuildPhase;
			buildActionMask = 2147483647;
			files = (
			);
			runOnlyForDeploymentPostprocessing = 0;
		};
/* End PBXResourcesBuildPhase section */

/* Begin PBXShellScriptBuildPhase section */
		3843069F14EB73BA83638FF8 /* [CP] Embed Pods Frameworks */ = {
			isa = PBXShellScriptBuildPhase;
			buildActionMask = 2147483647;
			files = (
			);
			inputFileListPaths = (
				"${PODS_ROOT}/Target Support Files/Pods-MVVM-ListFilms/Pods-MVVM-ListFilms-frameworks-${CONFIGURATION}-input-files.xcfilelist",
			);
			name = "[CP] Embed Pods Frameworks";
			outputFileListPaths = (
				"${PODS_ROOT}/Target Support Files/Pods-MVVM-ListFilms/Pods-MVVM-ListFilms-frameworks-${CONFIGURATION}-output-files.xcfilelist",
			);
			runOnlyForDeploymentPostprocessing = 0;
			shellPath = /bin/sh;
			shellScript = "\"${PODS_ROOT}/Target Support Files/Pods-MVVM-ListFilms/Pods-MVVM-ListFilms-frameworks.sh\"\n";
			showEnvVarsInLog = 0;
		};
		39EA5A0C7C97C4561E360B1F /* [CP] Check Pods Manifest.lock */ = {
			isa = PBXShellScriptBuildPhase;
			buildActionMask = 2147483647;
			files = (
			);
			inputFileListPaths = (
			);
			inputPaths = (
				"${PODS_PODFILE_DIR_PATH}/Podfile.lock",
				"${PODS_ROOT}/Manifest.lock",
			);
			name = "[CP] Check Pods Manifest.lock";
			outputFileListPaths = (
			);
			outputPaths = (
				"$(DERIVED_FILE_DIR)/Pods-MVVM-ListFilms-checkManifestLockResult.txt",
			);
			runOnlyForDeploymentPostprocessing = 0;
			shellPath = /bin/sh;
			shellScript = "diff \"${PODS_PODFILE_DIR_PATH}/Podfile.lock\" \"${PODS_ROOT}/Manifest.lock\" > /dev/null\nif [ $? != 0 ] ; then\n    # print error to STDERR\n    echo \"error: The sandbox is not in sync with the Podfile.lock. Run 'pod install' or update your CocoaPods installation.\" >&2\n    exit 1\nfi\n# This output is used by Xcode 'outputs' to avoid re-running this script phase.\necho \"SUCCESS\" > \"${SCRIPT_OUTPUT_FILE_0}\"\n";
			showEnvVarsInLog = 0;
		};
/* End PBXShellScriptBuildPhase section */

/* Begin PBXSourcesBuildPhase section */
		79E829DA27F14C7F0006A5CE /* Sources */ = {
			isa = PBXSourcesBuildPhase;
			buildActionMask = 2147483647;
			files = (
				79E82A6827F1EDEB0006A5CE /* Extension+UIColor.swift in Sources */,
				79E82A5827F170750006A5CE /* ListViewProtocol.swift in Sources */,
				79E82A3327F15B760006A5CE /* NetworkingRequestsMethods.swift in Sources */,
				79E82A4B27F163480006A5CE /* GenreMovieResponse.swift in Sources */,
				79E82A3B27F15CEF0006A5CE /* ListRequests.swift in Sources */,
				79E82A7827F20E540006A5CE /* Extension+UITextField.swift in Sources */,
				79E82A2527F154C00006A5CE /* ListFactory.swift in Sources */,
				79E82A6427F1ED720006A5CE /* Extension+UIImage.swift in Sources */,
				79E82A5A27F172A40006A5CE /* TopRatedMovies.swift in Sources */,
				79E82A4727F161850006A5CE /* GenreMovieUseCaseProtocol.swift in Sources */,
				79E82A2127F154A60006A5CE /* DependencyGraph.swift in Sources */,
				79E82A3F27F1614A0006A5CE /* TopRatedMoviesUseCase.swift in Sources */,
				79E82A5F27F188D80006A5CE /* LottieFactory.swift in Sources */,
				79E82A6F27F201190006A5CE /* ListDataViewCell.swift in Sources */,
				79E82A5627F1704A0006A5CE /* ListView.swift in Sources */,
				79E82A2727F1557D0006A5CE /* NetworkOperation.swift in Sources */,
				79E82A7127F202080006A5CE /* Extension+String.swift in Sources */,
				79E82A3D27F15E450006A5CE /* Request.swift in Sources */,
				79E82A6A27F1F67E0006A5CE /* ListErrorView.swift in Sources */,
				79E82A5127F1702A0006A5CE /* ListViewModel.swift in Sources */,
				79E82A7627F206800006A5CE /* SearchTextField.swift in Sources */,
				79E82A2327F154B50006A5CE /* ListFactoryProtocol.swift in Sources */,
				79E82A2B27F155B00006A5CE /* NetworkMockOperation.swift in Sources */,
				79E82A2F27F1575A0006A5CE /* ListAssembly.swift in Sources */,
				79E82A2D27F155D00006A5CE /* NetworkOperationError.swift in Sources */,
				79E82A6C27F200830006A5CE /* ListDataView.swift in Sources */,
				79E82A5327F170350006A5CE /* ListProtocol.swift in Sources */,
				79E829E227F14C7F0006A5CE /* AppDelegate.swift in Sources */,
				79E82A4D27F169AA0006A5CE /* FlowController.swift in Sources */,
				79E82A1F27F1549B0006A5CE /* FoudationAssembly.swift in Sources */,
				79E82A4F27F170160006A5CE /* ListViewController.swift in Sources */,
				79E82A4527F1617B0006A5CE /* GenreMovieUseCase.swift in Sources */,
				79E82A2927F155A40006A5CE /* NetworkOperationProtocol.swift in Sources */,
				79E829E427F14C7F0006A5CE /* SceneDelegate.swift in Sources */,
				79E82A4927F1633A0006A5CE /* TopRatedMoviesResponse.swift in Sources */,
				79E82A4227F161610006A5CE /* TopRatedMoviesUseCaseProtocol.swift in Sources */,
				79E82A5C27F188250006A5CE /* ListLoadingView.swift in Sources */,
				79E82A7327F204040006A5CE /* Extension+NSObject.swift in Sources */,
			);
			runOnlyForDeploymentPostprocessing = 0;
		};
		79E829F027F14C820006A5CE /* Sources */ = {
			isa = PBXSourcesBuildPhase;
			buildActionMask = 2147483647;
			files = (
				79E829F927F14C820006A5CE /* MVVM_ListFilmsTests.swift in Sources */,
			);
			runOnlyForDeploymentPostprocessing = 0;
		};
		79E829FA27F14C820006A5CE /* Sources */ = {
			isa = PBXSourcesBuildPhase;
			buildActionMask = 2147483647;
			files = (
			);
			runOnlyForDeploymentPostprocessing = 0;
		};
/* End PBXSourcesBuildPhase section */

/* Begin PBXTargetDependency section */
		79E829F627F14C820006A5CE /* PBXTargetDependency */ = {
			isa = PBXTargetDependency;
			target = 79E829DD27F14C7F0006A5CE /* MVVM-ListFilms */;
			targetProxy = 79E829F527F14C820006A5CE /* PBXContainerItemProxy */;
		};
		79E82A0027F14C820006A5CE /* PBXTargetDependency */ = {
			isa = PBXTargetDependency;
			target = 79E829DD27F14C7F0006A5CE /* MVVM-ListFilms */;
			targetProxy = 79E829FF27F14C820006A5CE /* PBXContainerItemProxy */;
		};
/* End PBXTargetDependency section */

/* Begin XCBuildConfiguration section */
		79E82A0627F14C820006A5CE /* Debug */ = {
			isa = XCBuildConfiguration;
			buildSettings = {
				ALWAYS_SEARCH_USER_PATHS = NO;
				CLANG_ANALYZER_NONNULL = YES;
				CLANG_ANALYZER_NUMBER_OBJECT_CONVERSION = YES_AGGRESSIVE;
				CLANG_CXX_LANGUAGE_STANDARD = "gnu++17";
				CLANG_CXX_LIBRARY = "libc++";
				CLANG_ENABLE_MODULES = YES;
				CLANG_ENABLE_OBJC_ARC = YES;
				CLANG_ENABLE_OBJC_WEAK = YES;
				CLANG_WARN_BLOCK_CAPTURE_AUTORELEASING = YES;
				CLANG_WARN_BOOL_CONVERSION = YES;
				CLANG_WARN_COMMA = YES;
				CLANG_WARN_CONSTANT_CONVERSION = YES;
				CLANG_WARN_DEPRECATED_OBJC_IMPLEMENTATIONS = YES;
				CLANG_WARN_DIRECT_OBJC_ISA_USAGE = YES_ERROR;
				CLANG_WARN_DOCUMENTATION_COMMENTS = YES;
				CLANG_WARN_EMPTY_BODY = YES;
				CLANG_WARN_ENUM_CONVERSION = YES;
				CLANG_WARN_INFINITE_RECURSION = YES;
				CLANG_WARN_INT_CONVERSION = YES;
				CLANG_WARN_NON_LITERAL_NULL_CONVERSION = YES;
				CLANG_WARN_OBJC_IMPLICIT_RETAIN_SELF = YES;
				CLANG_WARN_OBJC_LITERAL_CONVERSION = YES;
				CLANG_WARN_OBJC_ROOT_CLASS = YES_ERROR;
				CLANG_WARN_QUOTED_INCLUDE_IN_FRAMEWORK_HEADER = YES;
				CLANG_WARN_RANGE_LOOP_ANALYSIS = YES;
				CLANG_WARN_STRICT_PROTOTYPES = YES;
				CLANG_WARN_SUSPICIOUS_MOVE = YES;
				CLANG_WARN_UNGUARDED_AVAILABILITY = YES_AGGRESSIVE;
				CLANG_WARN_UNREACHABLE_CODE = YES;
				CLANG_WARN__DUPLICATE_METHOD_MATCH = YES;
				COPY_PHASE_STRIP = NO;
				DEBUG_INFORMATION_FORMAT = dwarf;
				ENABLE_STRICT_OBJC_MSGSEND = YES;
				ENABLE_TESTABILITY = YES;
				GCC_C_LANGUAGE_STANDARD = gnu11;
				GCC_DYNAMIC_NO_PIC = NO;
				GCC_NO_COMMON_BLOCKS = YES;
				GCC_OPTIMIZATION_LEVEL = 0;
				GCC_PREPROCESSOR_DEFINITIONS = (
					"DEBUG=1",
					"$(inherited)",
				);
				GCC_WARN_64_TO_32_BIT_CONVERSION = YES;
				GCC_WARN_ABOUT_RETURN_TYPE = YES_ERROR;
				GCC_WARN_UNDECLARED_SELECTOR = YES;
				GCC_WARN_UNINITIALIZED_AUTOS = YES_AGGRESSIVE;
				GCC_WARN_UNUSED_FUNCTION = YES;
				GCC_WARN_UNUSED_VARIABLE = YES;
				IPHONEOS_DEPLOYMENT_TARGET = 13.0;
				MTL_ENABLE_DEBUG_INFO = INCLUDE_SOURCE;
				MTL_FAST_MATH = YES;
				ONLY_ACTIVE_ARCH = YES;
				SDKROOT = iphoneos;
				SWIFT_ACTIVE_COMPILATION_CONDITIONS = DEBUG;
				SWIFT_OPTIMIZATION_LEVEL = "-Onone";
			};
			name = Debug;
		};
		79E82A0727F14C820006A5CE /* Release */ = {
			isa = XCBuildConfiguration;
			buildSettings = {
				ALWAYS_SEARCH_USER_PATHS = NO;
				CLANG_ANALYZER_NONNULL = YES;
				CLANG_ANALYZER_NUMBER_OBJECT_CONVERSION = YES_AGGRESSIVE;
				CLANG_CXX_LANGUAGE_STANDARD = "gnu++17";
				CLANG_CXX_LIBRARY = "libc++";
				CLANG_ENABLE_MODULES = YES;
				CLANG_ENABLE_OBJC_ARC = YES;
				CLANG_ENABLE_OBJC_WEAK = YES;
				CLANG_WARN_BLOCK_CAPTURE_AUTORELEASING = YES;
				CLANG_WARN_BOOL_CONVERSION = YES;
				CLANG_WARN_COMMA = YES;
				CLANG_WARN_CONSTANT_CONVERSION = YES;
				CLANG_WARN_DEPRECATED_OBJC_IMPLEMENTATIONS = YES;
				CLANG_WARN_DIRECT_OBJC_ISA_USAGE = YES_ERROR;
				CLANG_WARN_DOCUMENTATION_COMMENTS = YES;
				CLANG_WARN_EMPTY_BODY = YES;
				CLANG_WARN_ENUM_CONVERSION = YES;
				CLANG_WARN_INFINITE_RECURSION = YES;
				CLANG_WARN_INT_CONVERSION = YES;
				CLANG_WARN_NON_LITERAL_NULL_CONVERSION = YES;
				CLANG_WARN_OBJC_IMPLICIT_RETAIN_SELF = YES;
				CLANG_WARN_OBJC_LITERAL_CONVERSION = YES;
				CLANG_WARN_OBJC_ROOT_CLASS = YES_ERROR;
				CLANG_WARN_QUOTED_INCLUDE_IN_FRAMEWORK_HEADER = YES;
				CLANG_WARN_RANGE_LOOP_ANALYSIS = YES;
				CLANG_WARN_STRICT_PROTOTYPES = YES;
				CLANG_WARN_SUSPICIOUS_MOVE = YES;
				CLANG_WARN_UNGUARDED_AVAILABILITY = YES_AGGRESSIVE;
				CLANG_WARN_UNREACHABLE_CODE = YES;
				CLANG_WARN__DUPLICATE_METHOD_MATCH = YES;
				COPY_PHASE_STRIP = NO;
				DEBUG_INFORMATION_FORMAT = "dwarf-with-dsym";
				ENABLE_NS_ASSERTIONS = NO;
				ENABLE_STRICT_OBJC_MSGSEND = YES;
				GCC_C_LANGUAGE_STANDARD = gnu11;
				GCC_NO_COMMON_BLOCKS = YES;
				GCC_WARN_64_TO_32_BIT_CONVERSION = YES;
				GCC_WARN_ABOUT_RETURN_TYPE = YES_ERROR;
				GCC_WARN_UNDECLARED_SELECTOR = YES;
				GCC_WARN_UNINITIALIZED_AUTOS = YES_AGGRESSIVE;
				GCC_WARN_UNUSED_FUNCTION = YES;
				GCC_WARN_UNUSED_VARIABLE = YES;
				IPHONEOS_DEPLOYMENT_TARGET = 13.0;
				MTL_ENABLE_DEBUG_INFO = NO;
				MTL_FAST_MATH = YES;
				SDKROOT = iphoneos;
				SWIFT_COMPILATION_MODE = wholemodule;
				SWIFT_OPTIMIZATION_LEVEL = "-O";
				VALIDATE_PRODUCT = YES;
			};
			name = Release;
		};
		79E82A0927F14C820006A5CE /* Debug */ = {
			isa = XCBuildConfiguration;
			baseConfigurationReference = 102FA41E643A9321C5E72593 /* Pods-MVVM-ListFilms.debug.xcconfig */;
			buildSettings = {
				ASSETCATALOG_COMPILER_APPICON_NAME = AppIcon;
				ASSETCATALOG_COMPILER_GLOBAL_ACCENT_COLOR_NAME = AccentColor;
				CODE_SIGN_STYLE = Automatic;
				CURRENT_PROJECT_VERSION = 1;
				DEVELOPMENT_TEAM = 22YGM83NY4;
				GENERATE_INFOPLIST_FILE = YES;
				INFOPLIST_FILE = "MVVM-ListFilms/App/Info.plist";
				INFOPLIST_KEY_CFBundleDisplayName = "MVVM-ListFilms";
				INFOPLIST_KEY_UIApplicationSupportsIndirectInputEvents = YES;
				INFOPLIST_KEY_UILaunchStoryboardName = LaunchScreen;
				INFOPLIST_KEY_UISupportedInterfaceOrientations_iPad = "UIInterfaceOrientationPortrait UIInterfaceOrientationPortraitUpsideDown UIInterfaceOrientationLandscapeLeft UIInterfaceOrientationLandscapeRight";
				INFOPLIST_KEY_UISupportedInterfaceOrientations_iPhone = "UIInterfaceOrientationPortrait UIInterfaceOrientationLandscapeLeft UIInterfaceOrientationLandscapeRight";
				LD_RUNPATH_SEARCH_PATHS = (
					"$(inherited)",
					"@executable_path/Frameworks",
				);
				MARKETING_VERSION = 1.0;
				PRODUCT_BUNDLE_IDENTIFIER = "br.com.lucascarvalho.MVVM-ListFilms";
				PRODUCT_NAME = "$(TARGET_NAME)";
				SWIFT_EMIT_LOC_STRINGS = YES;
				SWIFT_VERSION = 5.0;
				TARGETED_DEVICE_FAMILY = "1,2";
			};
			name = Debug;
		};
		79E82A0A27F14C820006A5CE /* Release */ = {
			isa = XCBuildConfiguration;
			baseConfigurationReference = AA0872B2F9C92E4257870C3A /* Pods-MVVM-ListFilms.release.xcconfig */;
			buildSettings = {
				ASSETCATALOG_COMPILER_APPICON_NAME = AppIcon;
				ASSETCATALOG_COMPILER_GLOBAL_ACCENT_COLOR_NAME = AccentColor;
				CODE_SIGN_STYLE = Automatic;
				CURRENT_PROJECT_VERSION = 1;
				DEVELOPMENT_TEAM = 22YGM83NY4;
				GENERATE_INFOPLIST_FILE = YES;
				INFOPLIST_FILE = "MVVM-ListFilms/App/Info.plist";
				INFOPLIST_KEY_CFBundleDisplayName = "MVVM-ListFilms";
				INFOPLIST_KEY_UIApplicationSupportsIndirectInputEvents = YES;
				INFOPLIST_KEY_UILaunchStoryboardName = LaunchScreen;
				INFOPLIST_KEY_UISupportedInterfaceOrientations_iPad = "UIInterfaceOrientationPortrait UIInterfaceOrientationPortraitUpsideDown UIInterfaceOrientationLandscapeLeft UIInterfaceOrientationLandscapeRight";
				INFOPLIST_KEY_UISupportedInterfaceOrientations_iPhone = "UIInterfaceOrientationPortrait UIInterfaceOrientationLandscapeLeft UIInterfaceOrientationLandscapeRight";
				LD_RUNPATH_SEARCH_PATHS = (
					"$(inherited)",
					"@executable_path/Frameworks",
				);
				MARKETING_VERSION = 1.0;
				PRODUCT_BUNDLE_IDENTIFIER = "br.com.lucascarvalho.MVVM-ListFilms";
				PRODUCT_NAME = "$(TARGET_NAME)";
				SWIFT_EMIT_LOC_STRINGS = YES;
				SWIFT_VERSION = 5.0;
				TARGETED_DEVICE_FAMILY = "1,2";
			};
			name = Release;
		};
		79E82A0C27F14C820006A5CE /* Debug */ = {
			isa = XCBuildConfiguration;
			buildSettings = {
				ALWAYS_EMBED_SWIFT_STANDARD_LIBRARIES = YES;
				BUNDLE_LOADER = "$(TEST_HOST)";
				CODE_SIGN_STYLE = Automatic;
				CURRENT_PROJECT_VERSION = 1;
				DEVELOPMENT_TEAM = 22YGM83NY4;
				GENERATE_INFOPLIST_FILE = YES;
				IPHONEOS_DEPLOYMENT_TARGET = 15.2;
				MARKETING_VERSION = 1.0;
				PRODUCT_BUNDLE_IDENTIFIER = "br.com.lucascarvalho.MVVM-ListFilmsTests";
				PRODUCT_NAME = "$(TARGET_NAME)";
				SWIFT_EMIT_LOC_STRINGS = NO;
				SWIFT_VERSION = 5.0;
				TARGETED_DEVICE_FAMILY = "1,2";
				TEST_HOST = "$(BUILT_PRODUCTS_DIR)/MVVM-ListFilms.app/MVVM-ListFilms";
			};
			name = Debug;
		};
		79E82A0D27F14C820006A5CE /* Release */ = {
			isa = XCBuildConfiguration;
			buildSettings = {
				ALWAYS_EMBED_SWIFT_STANDARD_LIBRARIES = YES;
				BUNDLE_LOADER = "$(TEST_HOST)";
				CODE_SIGN_STYLE = Automatic;
				CURRENT_PROJECT_VERSION = 1;
				DEVELOPMENT_TEAM = 22YGM83NY4;
				GENERATE_INFOPLIST_FILE = YES;
				IPHONEOS_DEPLOYMENT_TARGET = 15.2;
				MARKETING_VERSION = 1.0;
				PRODUCT_BUNDLE_IDENTIFIER = "br.com.lucascarvalho.MVVM-ListFilmsTests";
				PRODUCT_NAME = "$(TARGET_NAME)";
				SWIFT_EMIT_LOC_STRINGS = NO;
				SWIFT_VERSION = 5.0;
				TARGETED_DEVICE_FAMILY = "1,2";
				TEST_HOST = "$(BUILT_PRODUCTS_DIR)/MVVM-ListFilms.app/MVVM-ListFilms";
			};
			name = Release;
		};
		79E82A0F27F14C820006A5CE /* Debug */ = {
			isa = XCBuildConfiguration;
			buildSettings = {
				ALWAYS_EMBED_SWIFT_STANDARD_LIBRARIES = YES;
				CODE_SIGN_STYLE = Automatic;
				CURRENT_PROJECT_VERSION = 1;
				DEVELOPMENT_TEAM = 22YGM83NY4;
				GENERATE_INFOPLIST_FILE = YES;
				MARKETING_VERSION = 1.0;
				PRODUCT_BUNDLE_IDENTIFIER = "br.com.lucascarvalho.MVVM-ListFilmsUITests";
				PRODUCT_NAME = "$(TARGET_NAME)";
				SWIFT_EMIT_LOC_STRINGS = NO;
				SWIFT_VERSION = 5.0;
				TARGETED_DEVICE_FAMILY = "1,2";
				TEST_TARGET_NAME = "MVVM-ListFilms";
			};
			name = Debug;
		};
		79E82A1027F14C820006A5CE /* Release */ = {
			isa = XCBuildConfiguration;
			buildSettings = {
				ALWAYS_EMBED_SWIFT_STANDARD_LIBRARIES = YES;
				CODE_SIGN_STYLE = Automatic;
				CURRENT_PROJECT_VERSION = 1;
				DEVELOPMENT_TEAM = 22YGM83NY4;
				GENERATE_INFOPLIST_FILE = YES;
				MARKETING_VERSION = 1.0;
				PRODUCT_BUNDLE_IDENTIFIER = "br.com.lucascarvalho.MVVM-ListFilmsUITests";
				PRODUCT_NAME = "$(TARGET_NAME)";
				SWIFT_EMIT_LOC_STRINGS = NO;
				SWIFT_VERSION = 5.0;
				TARGETED_DEVICE_FAMILY = "1,2";
				TEST_TARGET_NAME = "MVVM-ListFilms";
			};
			name = Release;
		};
/* End XCBuildConfiguration section */

/* Begin XCConfigurationList section */
		79E829D927F14C7F0006A5CE /* Build configuration list for PBXProject "MVVM-ListFilms" */ = {
			isa = XCConfigurationList;
			buildConfigurations = (
				79E82A0627F14C820006A5CE /* Debug */,
				79E82A0727F14C820006A5CE /* Release */,
			);
			defaultConfigurationIsVisible = 0;
			defaultConfigurationName = Release;
		};
		79E82A0827F14C820006A5CE /* Build configuration list for PBXNativeTarget "MVVM-ListFilms" */ = {
			isa = XCConfigurationList;
			buildConfigurations = (
				79E82A0927F14C820006A5CE /* Debug */,
				79E82A0A27F14C820006A5CE /* Release */,
			);
			defaultConfigurationIsVisible = 0;
			defaultConfigurationName = Release;
		};
		79E82A0B27F14C820006A5CE /* Build configuration list for PBXNativeTarget "MVVM-ListFilmsTests" */ = {
			isa = XCConfigurationList;
			buildConfigurations = (
				79E82A0C27F14C820006A5CE /* Debug */,
				79E82A0D27F14C820006A5CE /* Release */,
			);
			defaultConfigurationIsVisible = 0;
			defaultConfigurationName = Release;
		};
		79E82A0E27F14C820006A5CE /* Build configuration list for PBXNativeTarget "MVVM-ListFilmsUITests" */ = {
			isa = XCConfigurationList;
			buildConfigurations = (
				79E82A0F27F14C820006A5CE /* Debug */,
				79E82A1027F14C820006A5CE /* Release */,
			);
			defaultConfigurationIsVisible = 0;
			defaultConfigurationName = Release;
		};
/* End XCConfigurationList section */
	};
	rootObject = 79E829D627F14C7F0006A5CE /* Project object */;
}
